// !$*UTF8*$!
{
	archiveVersion = 1;
	classes = {
	};
	objectVersion = 50;
	objects = {

/* Begin PBXBuildFile section */
		8076E6A1268D0FF00023F698 /* AnimationsProjectApp.swift in Sources */ = {isa = PBXBuildFile; fileRef = 8076E6A0268D0FF00023F698 /* AnimationsProjectApp.swift */; };
		8076E6A3268D0FF00023F698 /* ContentView.swift in Sources */ = {isa = PBXBuildFile; fileRef = 8076E6A2268D0FF00023F698 /* ContentView.swift */; };
		8076E6A5268D0FF10023F698 /* Assets.xcassets in Resources */ = {isa = PBXBuildFile; fileRef = 8076E6A4268D0FF10023F698 /* Assets.xcassets */; };
		8076E6A8268D0FF10023F698 /* Preview Assets.xcassets in Resources */ = {isa = PBXBuildFile; fileRef = 8076E6A7268D0FF10023F698 /* Preview Assets.xcassets */; };
		8076E6B0268D127C0023F698 /* 2.CustomizingAnimation.swift in Sources */ = {isa = PBXBuildFile; fileRef = 8076E6AF268D127C0023F698 /* 2.CustomizingAnimation.swift */; };
		8076E6B3268D13210023F698 /* 1.AnimatingBinding.swift in Sources */ = {isa = PBXBuildFile; fileRef = 8076E6B2268D13210023F698 /* 1.AnimatingBinding.swift */; };
		8076E6B5268D15B30023F698 /* 3.CreatingExplicitAnimation.swift in Sources */ = {isa = PBXBuildFile; fileRef = 8076E6B4268D15B30023F698 /* 3.CreatingExplicitAnimation.swift */; };
		8076E6B7268D18200023F698 /* 4.ControllingAnimationStack.swift in Sources */ = {isa = PBXBuildFile; fileRef = 8076E6B6268D18200023F698 /* 4.ControllingAnimationStack.swift */; };
		8076E6B9268D1C7F0023F698 /* 5.AnimatingGestures.swift in Sources */ = {isa = PBXBuildFile; fileRef = 8076E6B8268D1C7F0023F698 /* 5.AnimatingGestures.swift */; };
		8076E6BB268D214D0023F698 /* 6.Showing&HidingViewsWithTranslations.swift in Sources */ = {isa = PBXBuildFile; fileRef = 8076E6BA268D214D0023F698 /* 6.Showing&HidingViewsWithTranslations.swift */; };
		8076E6BD268D25750023F698 /* 7.CustomTransitionsModifier.swift in Sources */ = {isa = PBXBuildFile; fileRef = 8076E6BC268D25750023F698 /* 7.CustomTransitionsModifier.swift */; };
/* End PBXBuildFile section */

/* Begin PBXFileReference section */
		8076E69D268D0FF00023F698 /* AnimationsProject.app */ = {isa = PBXFileReference; explicitFileType = wrapper.application; includeInIndex = 0; path = AnimationsProject.app; sourceTree = BUILT_PRODUCTS_DIR; };
		8076E6A0268D0FF00023F698 /* AnimationsProjectApp.swift */ = {isa = PBXFileReference; lastKnownFileType = sourcecode.swift; path = AnimationsProjectApp.swift; sourceTree = "<group>"; };
		8076E6A2268D0FF00023F698 /* ContentView.swift */ = {isa = PBXFileReference; lastKnownFileType = sourcecode.swift; path = ContentView.swift; sourceTree = "<group>"; };
		8076E6A4268D0FF10023F698 /* Assets.xcassets */ = {isa = PBXFileReference; lastKnownFileType = folder.assetcatalog; path = Assets.xcassets; sourceTree = "<group>"; };
		8076E6A7268D0FF10023F698 /* Preview Assets.xcassets */ = {isa = PBXFileReference; lastKnownFileType = folder.assetcatalog; path = "Preview Assets.xcassets"; sourceTree = "<group>"; };
		8076E6A9268D0FF10023F698 /* Info.plist */ = {isa = PBXFileReference; lastKnownFileType = text.plist.xml; path = Info.plist; sourceTree = "<group>"; };
		8076E6AF268D127C0023F698 /* 2.CustomizingAnimation.swift */ = {isa = PBXFileReference; lastKnownFileType = sourcecode.swift; path = 2.CustomizingAnimation.swift; sourceTree = "<group>"; };
		8076E6B2268D13210023F698 /* 1.AnimatingBinding.swift */ = {isa = PBXFileReference; lastKnownFileType = sourcecode.swift; path = 1.AnimatingBinding.swift; sourceTree = "<group>"; };
		8076E6B4268D15B30023F698 /* 3.CreatingExplicitAnimation.swift */ = {isa = PBXFileReference; lastKnownFileType = sourcecode.swift; path = 3.CreatingExplicitAnimation.swift; sourceTree = "<group>"; };
		8076E6B6268D18200023F698 /* 4.ControllingAnimationStack.swift */ = {isa = PBXFileReference; lastKnownFileType = sourcecode.swift; path = 4.ControllingAnimationStack.swift; sourceTree = "<group>"; };
		8076E6B8268D1C7F0023F698 /* 5.AnimatingGestures.swift */ = {isa = PBXFileReference; lastKnownFileType = sourcecode.swift; path = 5.AnimatingGestures.swift; sourceTree = "<group>"; };
		8076E6BA268D214D0023F698 /* 6.Showing&HidingViewsWithTranslations.swift */ = {isa = PBXFileReference; lastKnownFileType = sourcecode.swift; path = "6.Showing&HidingViewsWithTranslations.swift"; sourceTree = "<group>"; };
		8076E6BC268D25750023F698 /* 7.CustomTransitionsModifier.swift */ = {isa = PBXFileReference; lastKnownFileType = sourcecode.swift; path = 7.CustomTransitionsModifier.swift; sourceTree = "<group>"; };
/* End PBXFileReference section */

/* Begin PBXFrameworksBuildPhase section */
		8076E69A268D0FF00023F698 /* Frameworks */ = {
			isa = PBXFrameworksBuildPhase;
			buildActionMask = 2147483647;
			files = (
			);
			runOnlyForDeploymentPostprocessing = 0;
		};
/* End PBXFrameworksBuildPhase section */

/* Begin PBXGroup section */
		8076E694268D0FEF0023F698 = {
			isa = PBXGroup;
			children = (
				8076E69F268D0FF00023F698 /* AnimationsProject */,
				8076E69E268D0FF00023F698 /* Products */,
			);
			sourceTree = "<group>";
		};
		8076E69E268D0FF00023F698 /* Products */ = {
			isa = PBXGroup;
			children = (
				8076E69D268D0FF00023F698 /* AnimationsProject.app */,
			);
			name = Products;
			sourceTree = "<group>";
		};
		8076E69F268D0FF00023F698 /* AnimationsProject */ = {
			isa = PBXGroup;
			children = (
				8076E6B1268D13080023F698 /* ProjectContent */,
				8076E6A0268D0FF00023F698 /* AnimationsProjectApp.swift */,
				8076E6A2268D0FF00023F698 /* ContentView.swift */,
				8076E6A4268D0FF10023F698 /* Assets.xcassets */,
				8076E6A9268D0FF10023F698 /* Info.plist */,
				8076E6A6268D0FF10023F698 /* Preview Content */,
			);
			path = AnimationsProject;
			sourceTree = "<group>";
		};
		8076E6A6268D0FF10023F698 /* Preview Content */ = {
			isa = PBXGroup;
			children = (
				8076E6A7268D0FF10023F698 /* Preview Assets.xcassets */,
			);
			path = "Preview Content";
			sourceTree = "<group>";
		};
		8076E6B1268D13080023F698 /* ProjectContent */ = {
			isa = PBXGroup;
			children = (
				8076E6B2268D13210023F698 /* 1.AnimatingBinding.swift */,
				8076E6AF268D127C0023F698 /* 2.CustomizingAnimation.swift */,
				8076E6B4268D15B30023F698 /* 3.CreatingExplicitAnimation.swift */,
				8076E6B6268D18200023F698 /* 4.ControllingAnimationStack.swift */,
				8076E6B8268D1C7F0023F698 /* 5.AnimatingGestures.swift */,
				8076E6BA268D214D0023F698 /* 6.Showing&HidingViewsWithTranslations.swift */,
				8076E6BC268D25750023F698 /* 7.CustomTransitionsModifier.swift */,
			);
			path = ProjectContent;
			sourceTree = "<group>";
		};
/* End PBXGroup section */

/* Begin PBXNativeTarget section */
		8076E69C268D0FF00023F698 /* AnimationsProject */ = {
			isa = PBXNativeTarget;
			buildConfigurationList = 8076E6AC268D0FF10023F698 /* Build configuration list for PBXNativeTarget "AnimationsProject" */;
			buildPhases = (
				8076E699268D0FF00023F698 /* Sources */,
				8076E69A268D0FF00023F698 /* Frameworks */,
				8076E69B268D0FF00023F698 /* Resources */,
			);
			buildRules = (
			);
			dependencies = (
			);
			name = AnimationsProject;
			productName = AnimationsProject;
			productReference = 8076E69D268D0FF00023F698 /* AnimationsProject.app */;
			productType = "com.apple.product-type.application";
		};
/* End PBXNativeTarget section */

/* Begin PBXProject section */
		8076E695268D0FEF0023F698 /* Project object */ = {
			isa = PBXProject;
			attributes = {
				LastSwiftUpdateCheck = 1250;
				LastUpgradeCheck = 1250;
				TargetAttributes = {
					8076E69C268D0FF00023F698 = {
						CreatedOnToolsVersion = 12.5.1;
					};
				};
			};
			buildConfigurationList = 8076E698268D0FEF0023F698 /* Build configuration list for PBXProject "AnimationsProject" */;
			compatibilityVersion = "Xcode 9.3";
			developmentRegion = en;
			hasScannedForEncodings = 0;
			knownRegions = (
				en,
				Base,
			);
			mainGroup = 8076E694268D0FEF0023F698;
			productRefGroup = 8076E69E268D0FF00023F698 /* Products */;
			projectDirPath = "";
			projectRoot = "";
			targets = (
				8076E69C268D0FF00023F698 /* AnimationsProject */,
			);
		};
/* End PBXProject section */

/* Begin PBXResourcesBuildPhase section */
		8076E69B268D0FF00023F698 /* Resources */ = {
			isa = PBXResourcesBuildPhase;
			buildActionMask = 2147483647;
			files = (
				8076E6A8268D0FF10023F698 /* Preview Assets.xcassets in Resources */,
				8076E6A5268D0FF10023F698 /* Assets.xcassets in Resources */,
			);
			runOnlyForDeploymentPostprocessing = 0;
		};
/* End PBXResourcesBuildPhase section */

/* Begin PBXSourcesBuildPhase section */
		8076E699268D0FF00023F698 /* Sources */ = {
			isa = PBXSourcesBuildPhase;
			buildActionMask = 2147483647;
			files = (
				8076E6BB268D214D0023F698 /* 6.Showing&HidingViewsWithTranslations.swift in Sources */,
				8076E6B3268D13210023F698 /* 1.AnimatingBinding.swift in Sources */,
				8076E6B0268D127C0023F698 /* 2.CustomizingAnimation.swift in Sources */,
				8076E6B9268D1C7F0023F698 /* 5.AnimatingGestures.swift in Sources */,
				8076E6A3268D0FF00023F698 /* ContentView.swift in Sources */,
				8076E6A1268D0FF00023F698 /* AnimationsProjectApp.swift in Sources */,
				8076E6BD268D25750023F698 /* 7.CustomTransitionsModifier.swift in Sources */,
				8076E6B5268D15B30023F698 /* 3.CreatingExplicitAnimation.swift in Sources */,
				8076E6B7268D18200023F698 /* 4.ControllingAnimationStack.swift in Sources */,
			);
			runOnlyForDeploymentPostprocessing = 0;
		};
/* End PBXSourcesBuildPhase section */

/* Begin XCBuildConfiguration section */
		8076E6AA268D0FF10023F698 /* Debug */ = {
			isa = XCBuildConfiguration;
			buildSettings = {
				ALWAYS_SEARCH_USER_PATHS = NO;
				CLANG_ANALYZER_NONNULL = YES;
				CLANG_ANALYZER_NUMBER_OBJECT_CONVERSION = YES_AGGRESSIVE;
				CLANG_CXX_LANGUAGE_STANDARD = "gnu++14";
				CLANG_CXX_LIBRARY = "libc++";
				CLANG_ENABLE_MODULES = YES;
				CLANG_ENABLE_OBJC_ARC = YES;
				CLANG_ENABLE_OBJC_WEAK = YES;
				CLANG_WARN_BLOCK_CAPTURE_AUTORELEASING = YES;
				CLANG_WARN_BOOL_CONVERSION = YES;
				CLANG_WARN_COMMA = YES;
				CLANG_WARN_CONSTANT_CONVERSION = YES;
				CLANG_WARN_DEPRECATED_OBJC_IMPLEMENTATIONS = YES;
				CLANG_WARN_DIRECT_OBJC_ISA_USAGE = YES_ERROR;
				CLANG_WARN_DOCUMENTATION_COMMENTS = YES;
				CLANG_WARN_EMPTY_BODY = YES;
				CLANG_WARN_ENUM_CONVERSION = YES;
				CLANG_WARN_INFINITE_RECURSION = YES;
				CLANG_WARN_INT_CONVERSION = YES;
				CLANG_WARN_NON_LITERAL_NULL_CONVERSION = YES;
				CLANG_WARN_OBJC_IMPLICIT_RETAIN_SELF = YES;
				CLANG_WARN_OBJC_LITERAL_CONVERSION = YES;
				CLANG_WARN_OBJC_ROOT_CLASS = YES_ERROR;
				CLANG_WARN_QUOTED_INCLUDE_IN_FRAMEWORK_HEADER = YES;
				CLANG_WARN_RANGE_LOOP_ANALYSIS = YES;
				CLANG_WARN_STRICT_PROTOTYPES = YES;
				CLANG_WARN_SUSPICIOUS_MOVE = YES;
				CLANG_WARN_UNGUARDED_AVAILABILITY = YES_AGGRESSIVE;
				CLANG_WARN_UNREACHABLE_CODE = YES;
				CLANG_WARN__DUPLICATE_METHOD_MATCH = YES;
				COPY_PHASE_STRIP = NO;
				DEBUG_INFORMATION_FORMAT = dwarf;
				ENABLE_STRICT_OBJC_MSGSEND = YES;
				ENABLE_TESTABILITY = YES;
				GCC_C_LANGUAGE_STANDARD = gnu11;
				GCC_DYNAMIC_NO_PIC = NO;
				GCC_NO_COMMON_BLOCKS = YES;
				GCC_OPTIMIZATION_LEVEL = 0;
				GCC_PREPROCESSOR_DEFINITIONS = (
					"DEBUG=1",
					"$(inherited)",
				);
				GCC_WARN_64_TO_32_BIT_CONVERSION = YES;
				GCC_WARN_ABOUT_RETURN_TYPE = YES_ERROR;
				GCC_WARN_UNDECLARED_SELECTOR = YES;
				GCC_WARN_UNINITIALIZED_AUTOS = YES_AGGRESSIVE;
				GCC_WARN_UNUSED_FUNCTION = YES;
				GCC_WARN_UNUSED_VARIABLE = YES;
				IPHONEOS_DEPLOYMENT_TARGET = 14.5;
				MTL_ENABLE_DEBUG_INFO = INCLUDE_SOURCE;
				MTL_FAST_MATH = YES;
				ONLY_ACTIVE_ARCH = YES;
				SDKROOT = iphoneos;
				SWIFT_ACTIVE_COMPILATION_CONDITIONS = DEBUG;
				SWIFT_OPTIMIZATION_LEVEL = "-Onone";
			};
			name = Debug;
		};
		8076E6AB268D0FF10023F698 /* Release */ = {
			isa = XCBuildConfiguration;
			buildSettings = {
				ALWAYS_SEARCH_USER_PATHS = NO;
				CLANG_ANALYZER_NONNULL = YES;
				CLANG_ANALYZER_NUMBER_OBJECT_CONVERSION = YES_AGGRESSIVE;
				CLANG_CXX_LANGUAGE_STANDARD = "gnu++14";
				CLANG_CXX_LIBRARY = "libc++";
				CLANG_ENABLE_MODULES = YES;
				CLANG_ENABLE_OBJC_ARC = YES;
				CLANG_ENABLE_OBJC_WEAK = YES;
				CLANG_WARN_BLOCK_CAPTURE_AUTORELEASING = YES;
				CLANG_WARN_BOOL_CONVERSION = YES;
				CLANG_WARN_COMMA = YES;
				CLANG_WARN_CONSTANT_CONVERSION = YES;
				CLANG_WARN_DEPRECATED_OBJC_IMPLEMENTATIONS = YES;
				CLANG_WARN_DIRECT_OBJC_ISA_USAGE = YES_ERROR;
				CLANG_WARN_DOCUMENTATION_COMMENTS = YES;
				CLANG_WARN_EMPTY_BODY = YES;
				CLANG_WARN_ENUM_CONVERSION = YES;
				CLANG_WARN_INFINITE_RECURSION = YES;
				CLANG_WARN_INT_CONVERSION = YES;
				CLANG_WARN_NON_LITERAL_NULL_CONVERSION = YES;
				CLANG_WARN_OBJC_IMPLICIT_RETAIN_SELF = YES;
				CLANG_WARN_OBJC_LITERAL_CONVERSION = YES;
				CLANG_WARN_OBJC_ROOT_CLASS = YES_ERROR;
				CLANG_WARN_QUOTED_INCLUDE_IN_FRAMEWORK_HEADER = YES;
				CLANG_WARN_RANGE_LOOP_ANALYSIS = YES;
				CLANG_WARN_STRICT_PROTOTYPES = YES;
				CLANG_WARN_SUSPICIOUS_MOVE = YES;
				CLANG_WARN_UNGUARDED_AVAILABILITY = YES_AGGRESSIVE;
				CLANG_WARN_UNREACHABLE_CODE = YES;
				CLANG_WARN__DUPLICATE_METHOD_MATCH = YES;
				COPY_PHASE_STRIP = NO;
				DEBUG_INFORMATION_FORMAT = "dwarf-with-dsym";
				ENABLE_NS_ASSERTIONS = NO;
				ENABLE_STRICT_OBJC_MSGSEND = YES;
				GCC_C_LANGUAGE_STANDARD = gnu11;
				GCC_NO_COMMON_BLOCKS = YES;
				GCC_WARN_64_TO_32_BIT_CONVERSION = YES;
				GCC_WARN_ABOUT_RETURN_TYPE = YES_ERROR;
				GCC_WARN_UNDECLARED_SELECTOR = YES;
				GCC_WARN_UNINITIALIZED_AUTOS = YES_AGGRESSIVE;
				GCC_WARN_UNUSED_FUNCTION = YES;
				GCC_WARN_UNUSED_VARIABLE = YES;
				IPHONEOS_DEPLOYMENT_TARGET = 14.5;
				MTL_ENABLE_DEBUG_INFO = NO;
				MTL_FAST_MATH = YES;
				SDKROOT = iphoneos;
				SWIFT_COMPILATION_MODE = wholemodule;
				SWIFT_OPTIMIZATION_LEVEL = "-O";
				VALIDATE_PRODUCT = YES;
			};
			name = Release;
		};
		8076E6AD268D0FF10023F698 /* Debug */ = {
			isa = XCBuildConfiguration;
			buildSettings = {
				ASSETCATALOG_COMPILER_APPICON_NAME = AppIcon;
				ASSETCATALOG_COMPILER_GLOBAL_ACCENT_COLOR_NAME = AccentColor;
				CODE_SIGN_STYLE = Automatic;
				DEVELOPMENT_ASSET_PATHS = "\"AnimationsProject/Preview Content\"";
				DEVELOPMENT_TEAM = G779QJ727X;
				ENABLE_PREVIEWS = YES;
				INFOPLIST_FILE = AnimationsProject/Info.plist;
				IPHONEOS_DEPLOYMENT_TARGET = 14.0;
				LD_RUNPATH_SEARCH_PATHS = (
					"$(inherited)",
					"@executable_path/Frameworks",
				);
				PRODUCT_BUNDLE_IDENTIFIER = com.SergioSepulveda.AnimationsProject;
				PRODUCT_NAME = "$(TARGET_NAME)";
				SWIFT_VERSION = 5.0;
				TARGETED_DEVICE_FAMILY = "1,2";
			};
			name = Debug;
		};
		8076E6AE268D0FF10023F698 /* Release */ = {
			isa = XCBuildConfiguration;
			buildSettings = {
				ASSETCATALOG_COMPILER_APPICON_NAME = AppIcon;
				ASSETCATALOG_COMPILER_GLOBAL_ACCENT_COLOR_NAME = AccentColor;
				CODE_SIGN_STYLE = Automatic;
				DEVELOPMENT_ASSET_PATHS = "\"AnimationsProject/Preview Content\"";
				DEVELOPMENT_TEAM = G779QJ727X;
				ENABLE_PREVIEWS = YES;
				INFOPLIST_FILE = AnimationsProject/Info.plist;
				IPHONEOS_DEPLOYMENT_TARGET = 14.0;
				LD_RUNPATH_SEARCH_PATHS = (
					"$(inherited)",
					"@executable_path/Frameworks",
				);
				PRODUCT_BUNDLE_IDENTIFIER = com.SergioSepulveda.AnimationsProject;
				PRODUCT_NAME = "$(TARGET_NAME)";
				SWIFT_VERSION = 5.0;
				TARGETED_DEVICE_FAMILY = "1,2";
			};
			name = Release;
		};
/* End XCBuildConfiguration section */

/* Begin XCConfigurationList section */
		8076E698268D0FEF0023F698 /* Build configuration list for PBXProject "AnimationsProject" */ = {
			isa = XCConfigurationList;
			buildConfigurations = (
				8076E6AA268D0FF10023F698 /* Debug */,
				8076E6AB268D0FF10023F698 /* Release */,
			);
			defaultConfigurationIsVisible = 0;
			defaultConfigurationName = Release;
		};
		8076E6AC268D0FF10023F698 /* Build configuration list for PBXNativeTarget "AnimationsProject" */ = {
			isa = XCConfigurationList;
			buildConfigurations = (
				8076E6AD268D0FF10023F698 /* Debug */,
				8076E6AE268D0FF10023F698 /* Release */,
			);
			defaultConfigurationIsVisible = 0;
			defaultConfigurationName = Release;
		};
/* End XCConfigurationList section */
	};
	rootObject = 8076E695268D0FEF0023F698 /* Project object */;
}
